
Microsoft Visual Studio Solution File, Format Version 12.00
# Visual Studio 15
VisualStudioVersion = 15.0.27004.2009
MinimumVisualStudioVersion = 10.0.40219.1
Project("{FAE04EC0-301F-11D3-BF4B-00C04F79EFBC}") = "TestFramework", "TestFramework\TestFramework.csproj", "{A66A1417-A6F5-42CB-963A-3F88601EE7A6}"
EndProject
Project("{FAE04EC0-301F-11D3-BF4B-00C04F79EFBC}") = "Tests", "Tests\Tests.csproj", "{C4A325DE-F717-4B2E-822A-C007ACAB30B4}"
EndProject
Global
	GlobalSection(SolutionConfigurationPlatforms) = preSolution
		Debug|Any CPU = Debug|Any CPU
		Release|Any CPU = Release|Any CPU
	EndGlobalSection
	GlobalSection(ProjectConfigurationPlatforms) = postSolution
		{A66A1417-A6F5-42CB-963A-3F88601EE7A6}.Debug|Any CPU.ActiveCfg = Debug|Any CPU
		{A66A1417-A6F5-42CB-963A-3F88601EE7A6}.Debug|Any CPU.Build.0 = Debug|Any CPU
		{A66A1417-A6F5-42CB-963A-3F88601EE7A6}.Release|Any CPU.ActiveCfg = Release|Any CPU
		{A66A1417-A6F5-42CB-963A-3F88601EE7A6}.Release|Any CPU.Build.0 = Release|Any CPU
		{C4A325DE-F717-4B2E-822A-C007ACAB30B4}.Debug|Any CPU.ActiveCfg = Debug|Any CPU
		{C4A325DE-F717-4B2E-822A-C007ACAB30B4}.Debug|Any CPU.Build.0 = Debug|Any CPU
		{C4A325DE-F717-4B2E-822A-C007ACAB30B4}.Release|Any CPU.ActiveCfg = Release|Any CPU
		{C4A325DE-F717-4B2E-822A-C007ACAB30B4}.Release|Any CPU.Build.0 = Release|Any CPU
	EndGlobalSection
	GlobalSection(SolutionProperties) = preSolution
		HideSolutionNode = FALSE
	EndGlobalSection
	GlobalSection(ExtensibilityGlobals) = postSolution
		SolutionGuid = {A764091D-8258-4EB3-848A-BB05FB3C51EB}
	EndGlobalSection
EndGlobal
